
Microsoft Visual Studio Solution File, Format Version 12.00
# Visual Studio Version 16
VisualStudioVersion = 16.0.32228.343
MinimumVisualStudioVersion = 10.0.40219.1
Project("{9A19103F-16F7-4668-BE54-9A1E7A4F7556}") = "calculator", "calculator.csproj", "{18115219-FF61-43AF-A4A1-242C3BA545B2}"
EndProject
Global
	GlobalSection(SolutionConfigurationPlatforms) = preSolution
		Debug|Any CPU = Debug|Any CPU
		Release|Any CPU = Release|Any CPU
	EndGlobalSection
	GlobalSection(ProjectConfigurationPlatforms) = postSolution
		{18115219-FF61-43AF-A4A1-242C3BA545B2}.Debug|Any CPU.ActiveCfg = Debug|Any CPU
		{18115219-FF61-43AF-A4A1-242C3BA545B2}.Debug|Any CPU.Build.0 = Debug|Any CPU
		{18115219-FF61-43AF-A4A1-242C3BA545B2}.Release|Any CPU.ActiveCfg = Release|Any CPU
		{18115219-FF61-43AF-A4A1-242C3BA545B2}.Release|Any CPU.Build.0 = Release|Any CPU
	EndGlobalSection
	GlobalSection(SolutionProperties) = preSolution
		HideSolutionNode = FALSE
	EndGlobalSection
	GlobalSection(ExtensibilityGlobals) = postSolution
		SolutionGuid = {BC2C17AA-45C5-40F2-AEDF-687C04287D3A}
	EndGlobalSection
EndGlobal
